{
  "name": "version_campuchia",
  "lockfileVersion": 2,
  "requires": true,
  "packages": {
    "": {
      "dependencies": {
        "@types/facebook-js-sdk": "^3.3.6"
      }
    },
    "node_modules/@types/facebook-js-sdk": {
      "version": "3.3.6",
      "resolved": "https://registry.npmjs.org/@types/facebook-js-sdk/-/facebook-js-sdk-3.3.6.tgz",
      "integrity": "sha512-CxTLMVtZsgrj9Ven5Pn1vcFumCFs+CG8Jfc63xWq/8b9e6uWjGyZlMnvQk7lIVn97Zd1vpu0ZK/OFWAoap0RCw=="
    }
  },
  "dependencies": {
    "@types/facebook-js-sdk": {
      "version": "3.3.6",
      "resolved": "https://registry.npmjs.org/@types/facebook-js-sdk/-/facebook-js-sdk-3.3.6.tgz",
      "integrity": "sha512-CxTLMVtZsgrj9Ven5Pn1vcFumCFs+CG8Jfc63xWq/8b9e6uWjGyZlMnvQk7lIVn97Zd1vpu0ZK/OFWAoap0RCw=="
    }
  }
}
